
Microsoft Visual Studio Solution File, Format Version 12.00
# Visual Studio Version 17
VisualStudioVersion = 17.9.34616.47
MinimumVisualStudioVersion = 10.0.40219.1
Project("{FAE04EC0-301F-11D3-BF4B-00C04F79EFBC}") = "Client Ranker", "Client Ranker.csproj", "{BE0E1A86-D5D3-4F94-9D41-B9C21780646A}"
EndProject
Global
	GlobalSection(SolutionConfigurationPlatforms) = preSolution
		Debug|Any CPU = Debug|Any CPU
		Release|Any CPU = Release|Any CPU
	EndGlobalSection
	GlobalSection(ProjectConfigurationPlatforms) = postSolution
		{BE0E1A86-D5D3-4F94-9D41-B9C21780646A}.Debug|Any CPU.ActiveCfg = Debug|Any CPU
		{BE0E1A86-D5D3-4F94-9D41-B9C21780646A}.Debug|Any CPU.Build.0 = Debug|Any CPU
		{BE0E1A86-D5D3-4F94-9D41-B9C21780646A}.Release|Any CPU.ActiveCfg = Release|Any CPU
		{BE0E1A86-D5D3-4F94-9D41-B9C21780646A}.Release|Any CPU.Build.0 = Release|Any CPU
	EndGlobalSection
	GlobalSection(SolutionProperties) = preSolution
		HideSolutionNode = FALSE
	EndGlobalSection
	GlobalSection(ExtensibilityGlobals) = postSolution
		SolutionGuid = {FB88F800-261C-4ECE-81F4-3ADC02C8FC79}
	EndGlobalSection
EndGlobal
